
Microsoft Visual Studio Solution File, Format Version 12.00
Project("{FAE04EC0-301F-11D3-BF4B-00C04F79EFBC}") = "OlaMundo", "OlaMundo\OlaMundo.csproj", "{F91579A7-77EC-4945-969A-A76E7CB288F3}"
EndProject
Project("{FAE04EC0-301F-11D3-BF4B-00C04F79EFBC}") = "CriandoVariaveis", "CriandoVariaveis\CriandoVariaveis.csproj", "{20FA5F6B-79D7-4CEA-8501-2413A8F669A5}"
EndProject
Project("{FAE04EC0-301F-11D3-BF4B-00C04F79EFBC}") = "VariaveisPontoFlutuante", "VariaveisPontoFlutuante\VariaveisPontoFlutuante.csproj", "{9F0AD4D7-EAFD-4564-B656-EE7BE73D9AC8}"
EndProject
Project("{FAE04EC0-301F-11D3-BF4B-00C04F79EFBC}") = "ConversoesOutrosTiposDeVariaveis", "ConversoesOutrosTiposDeVariaveis\ConversoesOutrosTiposDeVariaveis.csproj", "{DE178ADA-801B-471A-9BEC-EEDE59DA74FD}"
EndProject
Project("{FAE04EC0-301F-11D3-BF4B-00C04F79EFBC}") = "Caracteres", "Caracteres\Caracteres.csproj", "{F9DA2E02-CC20-4BE3-A388-75F9A1DF5A73}"
EndProject
Global
	GlobalSection(SolutionConfigurationPlatforms) = preSolution
		Debug|Any CPU = Debug|Any CPU
		Release|Any CPU = Release|Any CPU
	EndGlobalSection
	GlobalSection(ProjectConfigurationPlatforms) = postSolution
		{F91579A7-77EC-4945-969A-A76E7CB288F3}.Debug|Any CPU.ActiveCfg = Debug|Any CPU
		{F91579A7-77EC-4945-969A-A76E7CB288F3}.Debug|Any CPU.Build.0 = Debug|Any CPU
		{F91579A7-77EC-4945-969A-A76E7CB288F3}.Release|Any CPU.ActiveCfg = Release|Any CPU
		{F91579A7-77EC-4945-969A-A76E7CB288F3}.Release|Any CPU.Build.0 = Release|Any CPU
		{20FA5F6B-79D7-4CEA-8501-2413A8F669A5}.Debug|Any CPU.ActiveCfg = Debug|Any CPU
		{20FA5F6B-79D7-4CEA-8501-2413A8F669A5}.Debug|Any CPU.Build.0 = Debug|Any CPU
		{20FA5F6B-79D7-4CEA-8501-2413A8F669A5}.Release|Any CPU.ActiveCfg = Release|Any CPU
		{20FA5F6B-79D7-4CEA-8501-2413A8F669A5}.Release|Any CPU.Build.0 = Release|Any CPU
		{9F0AD4D7-EAFD-4564-B656-EE7BE73D9AC8}.Debug|Any CPU.ActiveCfg = Debug|Any CPU
		{9F0AD4D7-EAFD-4564-B656-EE7BE73D9AC8}.Debug|Any CPU.Build.0 = Debug|Any CPU
		{9F0AD4D7-EAFD-4564-B656-EE7BE73D9AC8}.Release|Any CPU.ActiveCfg = Release|Any CPU
		{9F0AD4D7-EAFD-4564-B656-EE7BE73D9AC8}.Release|Any CPU.Build.0 = Release|Any CPU
		{DE178ADA-801B-471A-9BEC-EEDE59DA74FD}.Debug|Any CPU.ActiveCfg = Debug|Any CPU
		{DE178ADA-801B-471A-9BEC-EEDE59DA74FD}.Debug|Any CPU.Build.0 = Debug|Any CPU
		{DE178ADA-801B-471A-9BEC-EEDE59DA74FD}.Release|Any CPU.ActiveCfg = Release|Any CPU
		{DE178ADA-801B-471A-9BEC-EEDE59DA74FD}.Release|Any CPU.Build.0 = Release|Any CPU
		{F9DA2E02-CC20-4BE3-A388-75F9A1DF5A73}.Debug|Any CPU.ActiveCfg = Debug|Any CPU
		{F9DA2E02-CC20-4BE3-A388-75F9A1DF5A73}.Debug|Any CPU.Build.0 = Debug|Any CPU
		{F9DA2E02-CC20-4BE3-A388-75F9A1DF5A73}.Release|Any CPU.ActiveCfg = Release|Any CPU
		{F9DA2E02-CC20-4BE3-A388-75F9A1DF5A73}.Release|Any CPU.Build.0 = Release|Any CPU
	EndGlobalSection
EndGlobal
